
Microsoft Visual Studio Solution File, Format Version 12.00
# Visual Studio Version 17
VisualStudioVersion = 17.13.35913.81
MinimumVisualStudioVersion = 10.0.40219.1
Project("{FAE04EC0-301F-11D3-BF4B-00C04F79EFBC}") = "ConversãoDeCelsiusConsoleApp", "ConversãoDeCelsiusConsoleApp\ConversãoDeCelsiusConsoleApp.csproj", "{BCA9582B-81FD-43D9-8065-D151807F80C5}"
EndProject
Global
	GlobalSection(SolutionConfigurationPlatforms) = preSolution
		Debug|Any CPU = Debug|Any CPU
		Release|Any CPU = Release|Any CPU
	EndGlobalSection
	GlobalSection(ProjectConfigurationPlatforms) = postSolution
		{BCA9582B-81FD-43D9-8065-D151807F80C5}.Debug|Any CPU.ActiveCfg = Debug|Any CPU
		{BCA9582B-81FD-43D9-8065-D151807F80C5}.Debug|Any CPU.Build.0 = Debug|Any CPU
		{BCA9582B-81FD-43D9-8065-D151807F80C5}.Release|Any CPU.ActiveCfg = Release|Any CPU
		{BCA9582B-81FD-43D9-8065-D151807F80C5}.Release|Any CPU.Build.0 = Release|Any CPU
	EndGlobalSection
	GlobalSection(SolutionProperties) = preSolution
		HideSolutionNode = FALSE
	EndGlobalSection
	GlobalSection(ExtensibilityGlobals) = postSolution
		SolutionGuid = {80DA16B7-9D12-4A53-8A25-E2941E08427A}
	EndGlobalSection
EndGlobal
